{
  "requires": true,
  "lockfileVersion": 1,
  "dependencies": {
    "ts-observer-pattern": {
      "version": "3.1.1",
      "resolved": "https://registry.npmjs.org/ts-observer-pattern/-/ts-observer-pattern-3.1.1.tgz",
      "integrity": "sha512-jczFPQWPCt6z0A4M039aAS9AKCGP5cL7sBshLlWT5QtPpGAWmvYIV2LJLz8yx1eALatztLrgdHNNfow5Far9og=="
    }
  }
}
